// !$*UTF8*$!
{
	archiveVersion = 1;
	classes = {
	};
	objectVersion = 46;
	objects = {

/* Begin PBXBuildFile section */
		0B115ED6EC3BC8E3F6359ED2 /* Pods_Properti_AndaUITests.framework in Frameworks */ = {isa = PBXBuildFile; fileRef = 94A2135BC56A5E310D794D9F /* Pods_Properti_AndaUITests.framework */; };
		D3AE16682EC7E49AA889A6E5 /* Pods_Properti_Anda.framework in Frameworks */ = {isa = PBXBuildFile; fileRef = 7FD508A32B6382B5972E9AD3 /* Pods_Properti_Anda.framework */; };
		E20D59566A55BFA3F934A01E /* Pods_Properti_AndaTests.framework in Frameworks */ = {isa = PBXBuildFile; fileRef = 7664475856D9BF69E2025294 /* Pods_Properti_AndaTests.framework */; };
		EE27A2421F7A52160073BDD2 /* Investments.swift in Sources */ = {isa = PBXBuildFile; fileRef = EE27A2411F7A52160073BDD2 /* Investments.swift */; };
		EE2BD0321F5281CE000E7A16 /* PreferencesNavigationController.swift in Sources */ = {isa = PBXBuildFile; fileRef = EE2BD0311F5281CE000E7A16 /* PreferencesNavigationController.swift */; };
		EE2F6EC91F7A14C400982D4D /* InvestViewController.swift in Sources */ = {isa = PBXBuildFile; fileRef = EE2F6EC81F7A14C400982D4D /* InvestViewController.swift */; };
		EE2F6ECB1F7A22F300982D4D /* InvestCell.swift in Sources */ = {isa = PBXBuildFile; fileRef = EE2F6ECA1F7A22F300982D4D /* InvestCell.swift */; };
		EE2F6ECD1F7A232500982D4D /* InvestListViewController.swift in Sources */ = {isa = PBXBuildFile; fileRef = EE2F6ECC1F7A232500982D4D /* InvestListViewController.swift */; };
		EE51512B1F676B04000EBD26 /* AppState.swift in Sources */ = {isa = PBXBuildFile; fileRef = EE51512A1F676B04000EBD26 /* AppState.swift */; };
		EE51512E1F676DB9000EBD26 /* AppState+CoreDataClass.swift in Sources */ = {isa = PBXBuildFile; fileRef = EE51512C1F676DB9000EBD26 /* AppState+CoreDataClass.swift */; };
		EE51512F1F676DB9000EBD26 /* AppState+CoreDataProperties.swift in Sources */ = {isa = PBXBuildFile; fileRef = EE51512D1F676DB9000EBD26 /* AppState+CoreDataProperties.swift */; };
		EE9DCFD81F4820FE009CA7E2 /* RootViewController.swift in Sources */ = {isa = PBXBuildFile; fileRef = EE9DCFD71F4820FE009CA7E2 /* RootViewController.swift */; };
		EE9DCFE01F4836E2009CA7E2 /* IntroPageController.swift in Sources */ = {isa = PBXBuildFile; fileRef = EE9DCFDF1F4836E2009CA7E2 /* IntroPageController.swift */; };
		EE9DCFE21F483812009CA7E2 /* IntroViewController.swift in Sources */ = {isa = PBXBuildFile; fileRef = EE9DCFE11F483812009CA7E2 /* IntroViewController.swift */; };
		EEA7167E1F4A6AAC0035D829 /* SignUpController.swift in Sources */ = {isa = PBXBuildFile; fileRef = EEA7167D1F4A6AAC0035D829 /* SignUpController.swift */; };
		EEA716801F4A71290035D829 /* LoginController.swift in Sources */ = {isa = PBXBuildFile; fileRef = EEA7167F1F4A71290035D829 /* LoginController.swift */; };
		EEA716841F4AD0120035D829 /* DrawerViewController.swift in Sources */ = {isa = PBXBuildFile; fileRef = EEA716831F4AD0120035D829 /* DrawerViewController.swift */; };
		EEA716861F4AD12D0035D829 /* AppNavigationDrawerController.swift in Sources */ = {isa = PBXBuildFile; fileRef = EEA716851F4AD12D0035D829 /* AppNavigationDrawerController.swift */; };
		EEA7168A1F4AD8620035D829 /* DrawerData.swift in Sources */ = {isa = PBXBuildFile; fileRef = EEA716891F4AD8620035D829 /* DrawerData.swift */; };
		EEA7168C1F4AED2C0035D829 /* DrawerCell.swift in Sources */ = {isa = PBXBuildFile; fileRef = EEA7168B1F4AED2C0035D829 /* DrawerCell.swift */; };
		EEA716901F4B9FFA0035D829 /* AppToolbarController.swift in Sources */ = {isa = PBXBuildFile; fileRef = EEA7168F1F4B9FFA0035D829 /* AppToolbarController.swift */; };
		EEA716921F4BA3A50035D829 /* PreferencesViewController.swift in Sources */ = {isa = PBXBuildFile; fileRef = EEA716911F4BA3A50035D829 /* PreferencesViewController.swift */; };
		EEBE3C0C1F4BF6C50029BA0B /* PropertyListViewController.swift in Sources */ = {isa = PBXBuildFile; fileRef = EEBE3C0B1F4BF6C50029BA0B /* PropertyListViewController.swift */; };
		EEBE3C0E1F4BF7280029BA0B /* PropertySplitViewController.swift in Sources */ = {isa = PBXBuildFile; fileRef = EEBE3C0D1F4BF7280029BA0B /* PropertySplitViewController.swift */; };
		EEBE3C101F4BFC2A0029BA0B /* AppNavigationController.swift in Sources */ = {isa = PBXBuildFile; fileRef = EEBE3C0F1F4BFC2A0029BA0B /* AppNavigationController.swift */; };
		EEBE3C121F4BFF4B0029BA0B /* PropertyDetailViewController.swift in Sources */ = {isa = PBXBuildFile; fileRef = EEBE3C111F4BFF4B0029BA0B /* PropertyDetailViewController.swift */; };
		EEBE3C151F4C05820029BA0B /* Properties.swift in Sources */ = {isa = PBXBuildFile; fileRef = EEBE3C141F4C05820029BA0B /* Properties.swift */; };
		EEBE3C1A1F4C18150029BA0B /* PropertyCell.swift in Sources */ = {isa = PBXBuildFile; fileRef = EEBE3C191F4C18150029BA0B /* PropertyCell.swift */; };
		EEC773501F48132300B22C15 /* AppDelegate.swift in Sources */ = {isa = PBXBuildFile; fileRef = EEC7734F1F48132300B22C15 /* AppDelegate.swift */; };
		EEC773521F48132300B22C15 /* ViewController.swift in Sources */ = {isa = PBXBuildFile; fileRef = EEC773511F48132300B22C15 /* ViewController.swift */; };
		EEC773551F48132300B22C15 /* Main.storyboard in Resources */ = {isa = PBXBuildFile; fileRef = EEC773531F48132300B22C15 /* Main.storyboard */; };
		EEC773581F48132300B22C15 /* Properti_Anda.xcdatamodeld in Sources */ = {isa = PBXBuildFile; fileRef = EEC773561F48132300B22C15 /* Properti_Anda.xcdatamodeld */; };
		EEC7735A1F48132300B22C15 /* Assets.xcassets in Resources */ = {isa = PBXBuildFile; fileRef = EEC773591F48132300B22C15 /* Assets.xcassets */; };
		EEC7735D1F48132300B22C15 /* LaunchScreen.storyboard in Resources */ = {isa = PBXBuildFile; fileRef = EEC7735B1F48132300B22C15 /* LaunchScreen.storyboard */; };
		EEC773681F48132300B22C15 /* Properti_AndaTests.swift in Sources */ = {isa = PBXBuildFile; fileRef = EEC773671F48132300B22C15 /* Properti_AndaTests.swift */; };
		EEC773731F48132300B22C15 /* Properti_AndaUITests.swift in Sources */ = {isa = PBXBuildFile; fileRef = EEC773721F48132300B22C15 /* Properti_AndaUITests.swift */; };
		EEE160C91F833A09001BEE71 /* PARequest.swift in Sources */ = {isa = PBXBuildFile; fileRef = EEE160C81F833A09001BEE71 /* PARequest.swift */; };
		EEE160D51F8340F5001BEE71 /* PARequest+Investment.swift in Sources */ = {isa = PBXBuildFile; fileRef = EEE160D41F8340F5001BEE71 /* PARequest+Investment.swift */; };
		EEE160D71F834116001BEE71 /* PARequest+Property.swift in Sources */ = {isa = PBXBuildFile; fileRef = EEE160D61F834116001BEE71 /* PARequest+Property.swift */; };
		EEE160DB1F8341C4001BEE71 /* PARequest+Login.swift in Sources */ = {isa = PBXBuildFile; fileRef = EEE160DA1F8341C4001BEE71 /* PARequest+Login.swift */; };
		EEE160DD1F8341E3001BEE71 /* PARequest+Register.swift in Sources */ = {isa = PBXBuildFile; fileRef = EEE160DC1F8341E3001BEE71 /* PARequest+Register.swift */; };
		EEE160DF1F83493C001BEE71 /* PARequest+Invest.swift in Sources */ = {isa = PBXBuildFile; fileRef = EEE160DE1F83493C001BEE71 /* PARequest+Invest.swift */; };
/* End PBXBuildFile section */

/* Begin PBXContainerItemProxy section */
		EEC773641F48132300B22C15 /* PBXContainerItemProxy */ = {
			isa = PBXContainerItemProxy;
			containerPortal = EEC773441F48132300B22C15 /* Project object */;
			proxyType = 1;
			remoteGlobalIDString = EEC7734B1F48132300B22C15;
			remoteInfo = "Properti Anda";
		};
		EEC7736F1F48132300B22C15 /* PBXContainerItemProxy */ = {
			isa = PBXContainerItemProxy;
			containerPortal = EEC773441F48132300B22C15 /* Project object */;
			proxyType = 1;
			remoteGlobalIDString = EEC7734B1F48132300B22C15;
			remoteInfo = "Properti Anda";
		};
/* End PBXContainerItemProxy section */

/* Begin PBXFileReference section */
		0E9DB355E9D55074A00DB1FF /* Pods-Properti AndaUITests.release.xcconfig */ = {isa = PBXFileReference; includeInIndex = 1; lastKnownFileType = text.xcconfig; name = "Pods-Properti AndaUITests.release.xcconfig"; path = "Pods/Target Support Files/Pods-Properti AndaUITests/Pods-Properti AndaUITests.release.xcconfig"; sourceTree = "<group>"; };
		215942C0AE6E46AEEA25CD2F /* Pods-Properti Anda.debug.xcconfig */ = {isa = PBXFileReference; includeInIndex = 1; lastKnownFileType = text.xcconfig; name = "Pods-Properti Anda.debug.xcconfig"; path = "Pods/Target Support Files/Pods-Properti Anda/Pods-Properti Anda.debug.xcconfig"; sourceTree = "<group>"; };
		5A77A5E256A7F1193429AA2C /* Pods-Properti AndaTests.debug.xcconfig */ = {isa = PBXFileReference; includeInIndex = 1; lastKnownFileType = text.xcconfig; name = "Pods-Properti AndaTests.debug.xcconfig"; path = "Pods/Target Support Files/Pods-Properti AndaTests/Pods-Properti AndaTests.debug.xcconfig"; sourceTree = "<group>"; };
		7664475856D9BF69E2025294 /* Pods_Properti_AndaTests.framework */ = {isa = PBXFileReference; explicitFileType = wrapper.framework; includeInIndex = 0; path = Pods_Properti_AndaTests.framework; sourceTree = BUILT_PRODUCTS_DIR; };
		7FD508A32B6382B5972E9AD3 /* Pods_Properti_Anda.framework */ = {isa = PBXFileReference; explicitFileType = wrapper.framework; includeInIndex = 0; path = Pods_Properti_Anda.framework; sourceTree = BUILT_PRODUCTS_DIR; };
		94A2135BC56A5E310D794D9F /* Pods_Properti_AndaUITests.framework */ = {isa = PBXFileReference; explicitFileType = wrapper.framework; includeInIndex = 0; path = Pods_Properti_AndaUITests.framework; sourceTree = BUILT_PRODUCTS_DIR; };
		AA035F143C0865DF53C9E7F5 /* Pods-Properti AndaTests.release.xcconfig */ = {isa = PBXFileReference; includeInIndex = 1; lastKnownFileType = text.xcconfig; name = "Pods-Properti AndaTests.release.xcconfig"; path = "Pods/Target Support Files/Pods-Properti AndaTests/Pods-Properti AndaTests.release.xcconfig"; sourceTree = "<group>"; };
		C539C217F91325A2C2A4B404 /* Pods-Properti Anda.release.xcconfig */ = {isa = PBXFileReference; includeInIndex = 1; lastKnownFileType = text.xcconfig; name = "Pods-Properti Anda.release.xcconfig"; path = "Pods/Target Support Files/Pods-Properti Anda/Pods-Properti Anda.release.xcconfig"; sourceTree = "<group>"; };
		EE27A2411F7A52160073BDD2 /* Investments.swift */ = {isa = PBXFileReference; fileEncoding = 4; lastKnownFileType = sourcecode.swift; path = Investments.swift; sourceTree = "<group>"; };
		EE2BD0311F5281CE000E7A16 /* PreferencesNavigationController.swift */ = {isa = PBXFileReference; fileEncoding = 4; lastKnownFileType = sourcecode.swift; path = PreferencesNavigationController.swift; sourceTree = "<group>"; };
		EE2F6EC81F7A14C400982D4D /* InvestViewController.swift */ = {isa = PBXFileReference; fileEncoding = 4; lastKnownFileType = sourcecode.swift; path = InvestViewController.swift; sourceTree = "<group>"; };
		EE2F6ECA1F7A22F300982D4D /* InvestCell.swift */ = {isa = PBXFileReference; fileEncoding = 4; lastKnownFileType = sourcecode.swift; path = InvestCell.swift; sourceTree = "<group>"; };
		EE2F6ECC1F7A232500982D4D /* InvestListViewController.swift */ = {isa = PBXFileReference; fileEncoding = 4; lastKnownFileType = sourcecode.swift; path = InvestListViewController.swift; sourceTree = "<group>"; };
		EE51512A1F676B04000EBD26 /* AppState.swift */ = {isa = PBXFileReference; fileEncoding = 4; lastKnownFileType = sourcecode.swift; path = AppState.swift; sourceTree = "<group>"; };
		EE51512C1F676DB9000EBD26 /* AppState+CoreDataClass.swift */ = {isa = PBXFileReference; fileEncoding = 4; lastKnownFileType = sourcecode.swift; path = "AppState+CoreDataClass.swift"; sourceTree = "<group>"; };
		EE51512D1F676DB9000EBD26 /* AppState+CoreDataProperties.swift */ = {isa = PBXFileReference; fileEncoding = 4; lastKnownFileType = sourcecode.swift; path = "AppState+CoreDataProperties.swift"; sourceTree = "<group>"; };
		EE9DCFD71F4820FE009CA7E2 /* RootViewController.swift */ = {isa = PBXFileReference; fileEncoding = 4; lastKnownFileType = sourcecode.swift; path = RootViewController.swift; sourceTree = "<group>"; };
		EE9DCFDF1F4836E2009CA7E2 /* IntroPageController.swift */ = {isa = PBXFileReference; fileEncoding = 4; lastKnownFileType = sourcecode.swift; path = IntroPageController.swift; sourceTree = "<group>"; };
		EE9DCFE11F483812009CA7E2 /* IntroViewController.swift */ = {isa = PBXFileReference; fileEncoding = 4; lastKnownFileType = sourcecode.swift; path = IntroViewController.swift; sourceTree = "<group>"; };
		EEA7167D1F4A6AAC0035D829 /* SignUpController.swift */ = {isa = PBXFileReference; fileEncoding = 4; lastKnownFileType = sourcecode.swift; path = SignUpController.swift; sourceTree = "<group>"; };
		EEA7167F1F4A71290035D829 /* LoginController.swift */ = {isa = PBXFileReference; fileEncoding = 4; lastKnownFileType = sourcecode.swift; path = LoginController.swift; sourceTree = "<group>"; };
		EEA716831F4AD0120035D829 /* DrawerViewController.swift */ = {isa = PBXFileReference; fileEncoding = 4; lastKnownFileType = sourcecode.swift; path = DrawerViewController.swift; sourceTree = "<group>"; };
		EEA716851F4AD12D0035D829 /* AppNavigationDrawerController.swift */ = {isa = PBXFileReference; fileEncoding = 4; lastKnownFileType = sourcecode.swift; path = AppNavigationDrawerController.swift; sourceTree = "<group>"; };
		EEA716891F4AD8620035D829 /* DrawerData.swift */ = {isa = PBXFileReference; fileEncoding = 4; lastKnownFileType = sourcecode.swift; path = DrawerData.swift; sourceTree = "<group>"; };
		EEA7168B1F4AED2C0035D829 /* DrawerCell.swift */ = {isa = PBXFileReference; fileEncoding = 4; lastKnownFileType = sourcecode.swift; path = DrawerCell.swift; sourceTree = "<group>"; };
		EEA7168F1F4B9FFA0035D829 /* AppToolbarController.swift */ = {isa = PBXFileReference; fileEncoding = 4; lastKnownFileType = sourcecode.swift; path = AppToolbarController.swift; sourceTree = "<group>"; };
		EEA716911F4BA3A50035D829 /* PreferencesViewController.swift */ = {isa = PBXFileReference; fileEncoding = 4; lastKnownFileType = sourcecode.swift; path = PreferencesViewController.swift; sourceTree = "<group>"; };
		EEBE3C0B1F4BF6C50029BA0B /* PropertyListViewController.swift */ = {isa = PBXFileReference; fileEncoding = 4; lastKnownFileType = sourcecode.swift; path = PropertyListViewController.swift; sourceTree = "<group>"; };
		EEBE3C0D1F4BF7280029BA0B /* PropertySplitViewController.swift */ = {isa = PBXFileReference; fileEncoding = 4; lastKnownFileType = sourcecode.swift; path = PropertySplitViewController.swift; sourceTree = "<group>"; };
		EEBE3C0F1F4BFC2A0029BA0B /* AppNavigationController.swift */ = {isa = PBXFileReference; fileEncoding = 4; lastKnownFileType = sourcecode.swift; path = AppNavigationController.swift; sourceTree = "<group>"; };
		EEBE3C111F4BFF4B0029BA0B /* PropertyDetailViewController.swift */ = {isa = PBXFileReference; fileEncoding = 4; lastKnownFileType = sourcecode.swift; path = PropertyDetailViewController.swift; sourceTree = "<group>"; };
		EEBE3C141F4C05820029BA0B /* Properties.swift */ = {isa = PBXFileReference; fileEncoding = 4; lastKnownFileType = sourcecode.swift; path = Properties.swift; sourceTree = "<group>"; };
		EEBE3C191F4C18150029BA0B /* PropertyCell.swift */ = {isa = PBXFileReference; fileEncoding = 4; lastKnownFileType = sourcecode.swift; path = PropertyCell.swift; sourceTree = "<group>"; };
		EEC7734C1F48132300B22C15 /* Properti Anda.app */ = {isa = PBXFileReference; explicitFileType = wrapper.application; includeInIndex = 0; path = "Properti Anda.app"; sourceTree = BUILT_PRODUCTS_DIR; };
		EEC7734F1F48132300B22C15 /* AppDelegate.swift */ = {isa = PBXFileReference; lastKnownFileType = sourcecode.swift; path = AppDelegate.swift; sourceTree = "<group>"; };
		EEC773511F48132300B22C15 /* ViewController.swift */ = {isa = PBXFileReference; lastKnownFileType = sourcecode.swift; path = ViewController.swift; sourceTree = "<group>"; };
		EEC773541F48132300B22C15 /* Base */ = {isa = PBXFileReference; lastKnownFileType = file.storyboard; name = Base; path = Base.lproj/Main.storyboard; sourceTree = "<group>"; };
		EEC773571F48132300B22C15 /* Properti_Anda.xcdatamodel */ = {isa = PBXFileReference; lastKnownFileType = wrapper.xcdatamodel; path = Properti_Anda.xcdatamodel; sourceTree = "<group>"; };
		EEC773591F48132300B22C15 /* Assets.xcassets */ = {isa = PBXFileReference; lastKnownFileType = folder.assetcatalog; path = Assets.xcassets; sourceTree = "<group>"; };
		EEC7735C1F48132300B22C15 /* Base */ = {isa = PBXFileReference; lastKnownFileType = file.storyboard; name = Base; path = Base.lproj/LaunchScreen.storyboard; sourceTree = "<group>"; };
		EEC7735E1F48132300B22C15 /* Info.plist */ = {isa = PBXFileReference; lastKnownFileType = text.plist.xml; path = Info.plist; sourceTree = "<group>"; };
		EEC773631F48132300B22C15 /* Properti AndaTests.xctest */ = {isa = PBXFileReference; explicitFileType = wrapper.cfbundle; includeInIndex = 0; path = "Properti AndaTests.xctest"; sourceTree = BUILT_PRODUCTS_DIR; };
		EEC773671F48132300B22C15 /* Properti_AndaTests.swift */ = {isa = PBXFileReference; lastKnownFileType = sourcecode.swift; path = Properti_AndaTests.swift; sourceTree = "<group>"; };
		EEC773691F48132300B22C15 /* Info.plist */ = {isa = PBXFileReference; lastKnownFileType = text.plist.xml; path = Info.plist; sourceTree = "<group>"; };
		EEC7736E1F48132300B22C15 /* Properti AndaUITests.xctest */ = {isa = PBXFileReference; explicitFileType = wrapper.cfbundle; includeInIndex = 0; path = "Properti AndaUITests.xctest"; sourceTree = BUILT_PRODUCTS_DIR; };
		EEC773721F48132300B22C15 /* Properti_AndaUITests.swift */ = {isa = PBXFileReference; lastKnownFileType = sourcecode.swift; path = Properti_AndaUITests.swift; sourceTree = "<group>"; };
		EEC773741F48132300B22C15 /* Info.plist */ = {isa = PBXFileReference; lastKnownFileType = text.plist.xml; path = Info.plist; sourceTree = "<group>"; };
		EEE160C81F833A09001BEE71 /* PARequest.swift */ = {isa = PBXFileReference; fileEncoding = 4; lastKnownFileType = sourcecode.swift; path = PARequest.swift; sourceTree = "<group>"; };
		EEE160D41F8340F5001BEE71 /* PARequest+Investment.swift */ = {isa = PBXFileReference; fileEncoding = 4; lastKnownFileType = sourcecode.swift; path = "PARequest+Investment.swift"; sourceTree = "<group>"; };
		EEE160D61F834116001BEE71 /* PARequest+Property.swift */ = {isa = PBXFileReference; fileEncoding = 4; lastKnownFileType = sourcecode.swift; path = "PARequest+Property.swift"; sourceTree = "<group>"; };
		EEE160DA1F8341C4001BEE71 /* PARequest+Login.swift */ = {isa = PBXFileReference; fileEncoding = 4; lastKnownFileType = sourcecode.swift; path = "PARequest+Login.swift"; sourceTree = "<group>"; };
		EEE160DC1F8341E3001BEE71 /* PARequest+Register.swift */ = {isa = PBXFileReference; fileEncoding = 4; lastKnownFileType = sourcecode.swift; path = "PARequest+Register.swift"; sourceTree = "<group>"; };
		EEE160DE1F83493C001BEE71 /* PARequest+Invest.swift */ = {isa = PBXFileReference; fileEncoding = 4; lastKnownFileType = sourcecode.swift; path = "PARequest+Invest.swift"; sourceTree = "<group>"; };
		F07E515077FB8EBAA0F42AC7 /* Pods-Properti AndaUITests.debug.xcconfig */ = {isa = PBXFileReference; includeInIndex = 1; lastKnownFileType = text.xcconfig; name = "Pods-Properti AndaUITests.debug.xcconfig"; path = "Pods/Target Support Files/Pods-Properti AndaUITests/Pods-Properti AndaUITests.debug.xcconfig"; sourceTree = "<group>"; };
/* End PBXFileReference section */

/* Begin PBXFrameworksBuildPhase section */
		EEC773491F48132300B22C15 /* Frameworks */ = {
			isa = PBXFrameworksBuildPhase;
			buildActionMask = 2147483647;
			files = (
				D3AE16682EC7E49AA889A6E5 /* Pods_Properti_Anda.framework in Frameworks */,
			);
			runOnlyForDeploymentPostprocessing = 0;
		};
		EEC773601F48132300B22C15 /* Frameworks */ = {
			isa = PBXFrameworksBuildPhase;
			buildActionMask = 2147483647;
			files = (
				E20D59566A55BFA3F934A01E /* Pods_Properti_AndaTests.framework in Frameworks */,
			);
			runOnlyForDeploymentPostprocessing = 0;
		};
		EEC7736B1F48132300B22C15 /* Frameworks */ = {
			isa = PBXFrameworksBuildPhase;
			buildActionMask = 2147483647;
			files = (
				0B115ED6EC3BC8E3F6359ED2 /* Pods_Properti_AndaUITests.framework in Frameworks */,
			);
			runOnlyForDeploymentPostprocessing = 0;
		};
/* End PBXFrameworksBuildPhase section */

/* Begin PBXGroup section */
		986E2FF025BA83CDCDA83895 /* Frameworks */ = {
			isa = PBXGroup;
			children = (
				7FD508A32B6382B5972E9AD3 /* Pods_Properti_Anda.framework */,
				7664475856D9BF69E2025294 /* Pods_Properti_AndaTests.framework */,
				94A2135BC56A5E310D794D9F /* Pods_Properti_AndaUITests.framework */,
			);
			name = Frameworks;
			sourceTree = "<group>";
		};
		ACF6CDAB071337CF8BDCA1F1 /* Pods */ = {
			isa = PBXGroup;
			children = (
				215942C0AE6E46AEEA25CD2F /* Pods-Properti Anda.debug.xcconfig */,
				C539C217F91325A2C2A4B404 /* Pods-Properti Anda.release.xcconfig */,
				5A77A5E256A7F1193429AA2C /* Pods-Properti AndaTests.debug.xcconfig */,
				AA035F143C0865DF53C9E7F5 /* Pods-Properti AndaTests.release.xcconfig */,
				F07E515077FB8EBAA0F42AC7 /* Pods-Properti AndaUITests.debug.xcconfig */,
				0E9DB355E9D55074A00DB1FF /* Pods-Properti AndaUITests.release.xcconfig */,
			);
			name = Pods;
			sourceTree = "<group>";
		};
		EEBE3C131F4C05610029BA0B /* Models */ = {
			isa = PBXGroup;
			children = (
				EEE160D31F83408A001BEE71 /* CoreData */,
				EEE160D21F834082001BEE71 /* Facade */,
				EEA716891F4AD8620035D829 /* DrawerData.swift */,
				EEBE3C141F4C05820029BA0B /* Properties.swift */,
				EE27A2411F7A52160073BDD2 /* Investments.swift */,
			);
			name = Models;
			sourceTree = "<group>";
		};
		EEBE3C161F4C17EA0029BA0B /* Cells */ = {
			isa = PBXGroup;
			children = (
				EEA7168B1F4AED2C0035D829 /* DrawerCell.swift */,
				EEBE3C191F4C18150029BA0B /* PropertyCell.swift */,
				EE2F6ECA1F7A22F300982D4D /* InvestCell.swift */,
			);
			name = Cells;
			sourceTree = "<group>";
		};
		EEC773431F48132300B22C15 = {
			isa = PBXGroup;
			children = (
				EEC7734E1F48132300B22C15 /* Properti Anda */,
				EEC773661F48132300B22C15 /* Properti AndaTests */,
				EEC773711F48132300B22C15 /* Properti AndaUITests */,
				EEC7734D1F48132300B22C15 /* Products */,
				ACF6CDAB071337CF8BDCA1F1 /* Pods */,
				986E2FF025BA83CDCDA83895 /* Frameworks */,
			);
			sourceTree = "<group>";
		};
		EEC7734D1F48132300B22C15 /* Products */ = {
			isa = PBXGroup;
			children = (
				EEC7734C1F48132300B22C15 /* Properti Anda.app */,
				EEC773631F48132300B22C15 /* Properti AndaTests.xctest */,
				EEC7736E1F48132300B22C15 /* Properti AndaUITests.xctest */,
			);
			name = Products;
			sourceTree = "<group>";
		};
		EEC7734E1F48132300B22C15 /* Properti Anda */ = {
			isa = PBXGroup;
			children = (
				EEE160CB1F833FA2001BEE71 /* Screens */,
				EEE160CA1F833F70001BEE71 /* Navigation */,
				EEBE3C161F4C17EA0029BA0B /* Cells */,
				EEBE3C131F4C05610029BA0B /* Models */,
				EEC7734F1F48132300B22C15 /* AppDelegate.swift */,
				EEC773511F48132300B22C15 /* ViewController.swift */,
				EEC773531F48132300B22C15 /* Main.storyboard */,
				EE9DCFD71F4820FE009CA7E2 /* RootViewController.swift */,
				EEC773591F48132300B22C15 /* Assets.xcassets */,
				EEC7735B1F48132300B22C15 /* LaunchScreen.storyboard */,
				EEC7735E1F48132300B22C15 /* Info.plist */,
				EEC773561F48132300B22C15 /* Properti_Anda.xcdatamodeld */,
			);
			path = "Properti Anda";
			sourceTree = "<group>";
		};
		EEC773661F48132300B22C15 /* Properti AndaTests */ = {
			isa = PBXGroup;
			children = (
				EEC773671F48132300B22C15 /* Properti_AndaTests.swift */,
				EEC773691F48132300B22C15 /* Info.plist */,
			);
			path = "Properti AndaTests";
			sourceTree = "<group>";
		};
		EEC773711F48132300B22C15 /* Properti AndaUITests */ = {
			isa = PBXGroup;
			children = (
				EEC773721F48132300B22C15 /* Properti_AndaUITests.swift */,
				EEC773741F48132300B22C15 /* Info.plist */,
			);
			path = "Properti AndaUITests";
			sourceTree = "<group>";
		};
		EEE160CA1F833F70001BEE71 /* Navigation */ = {
			isa = PBXGroup;
			children = (
				EEBE3C0F1F4BFC2A0029BA0B /* AppNavigationController.swift */,
				EEA7168F1F4B9FFA0035D829 /* AppToolbarController.swift */,
				EEA716851F4AD12D0035D829 /* AppNavigationDrawerController.swift */,
				EEA716831F4AD0120035D829 /* DrawerViewController.swift */,
			);
			name = Navigation;
			sourceTree = "<group>";
		};
		EEE160CB1F833FA2001BEE71 /* Screens */ = {
			isa = PBXGroup;
			children = (
				EEE160D11F83400E001BEE71 /* Preferences */,
				EEE160D01F833FED001BEE71 /* Investments */,
				EEE160CF1F833FD6001BEE71 /* Properties */,
				EEE160CE1F833FCF001BEE71 /* Login */,
				EEE160CD1F833FBF001BEE71 /* SignUp */,
				EEE160CC1F833FB1001BEE71 /* Introduction */,
			);
			name = Screens;
			sourceTree = "<group>";
		};
		EEE160CC1F833FB1001BEE71 /* Introduction */ = {
			isa = PBXGroup;
			children = (
				EE9DCFE11F483812009CA7E2 /* IntroViewController.swift */,
				EE9DCFDF1F4836E2009CA7E2 /* IntroPageController.swift */,
			);
			name = Introduction;
			sourceTree = "<group>";
		};
		EEE160CD1F833FBF001BEE71 /* SignUp */ = {
			isa = PBXGroup;
			children = (
				EEA7167D1F4A6AAC0035D829 /* SignUpController.swift */,
			);
			name = SignUp;
			sourceTree = "<group>";
		};
		EEE160CE1F833FCF001BEE71 /* Login */ = {
			isa = PBXGroup;
			children = (
				EEA7167F1F4A71290035D829 /* LoginController.swift */,
			);
			name = Login;
			sourceTree = "<group>";
		};
		EEE160CF1F833FD6001BEE71 /* Properties */ = {
			isa = PBXGroup;
			children = (
				EE2F6EC81F7A14C400982D4D /* InvestViewController.swift */,
				EEBE3C111F4BFF4B0029BA0B /* PropertyDetailViewController.swift */,
				EEBE3C0D1F4BF7280029BA0B /* PropertySplitViewController.swift */,
				EEBE3C0B1F4BF6C50029BA0B /* PropertyListViewController.swift */,
			);
			name = Properties;
			sourceTree = "<group>";
		};
		EEE160D01F833FED001BEE71 /* Investments */ = {
			isa = PBXGroup;
			children = (
				EE2F6ECC1F7A232500982D4D /* InvestListViewController.swift */,
			);
			name = Investments;
			sourceTree = "<group>";
		};
		EEE160D11F83400E001BEE71 /* Preferences */ = {
			isa = PBXGroup;
			children = (
				EEA716911F4BA3A50035D829 /* PreferencesViewController.swift */,
				EE2BD0311F5281CE000E7A16 /* PreferencesNavigationController.swift */,
			);
			name = Preferences;
			sourceTree = "<group>";
		};
		EEE160D21F834082001BEE71 /* Facade */ = {
			isa = PBXGroup;
			children = (
				EEE160C81F833A09001BEE71 /* PARequest.swift */,
				EEE160D41F8340F5001BEE71 /* PARequest+Investment.swift */,
				EEE160D61F834116001BEE71 /* PARequest+Property.swift */,
				EEE160DA1F8341C4001BEE71 /* PARequest+Login.swift */,
				EEE160DC1F8341E3001BEE71 /* PARequest+Register.swift */,
				EEE160DE1F83493C001BEE71 /* PARequest+Invest.swift */,
			);
			name = Facade;
			sourceTree = "<group>";
		};
		EEE160D31F83408A001BEE71 /* CoreData */ = {
			isa = PBXGroup;
			children = (
				EE51512A1F676B04000EBD26 /* AppState.swift */,
				EE51512D1F676DB9000EBD26 /* AppState+CoreDataProperties.swift */,
				EE51512C1F676DB9000EBD26 /* AppState+CoreDataClass.swift */,
			);
			name = CoreData;
			sourceTree = "<group>";
		};
/* End PBXGroup section */

/* Begin PBXNativeTarget section */
		EEC7734B1F48132300B22C15 /* Properti Anda */ = {
			isa = PBXNativeTarget;
			buildConfigurationList = EEC773771F48132300B22C15 /* Build configuration list for PBXNativeTarget "Properti Anda" */;
			buildPhases = (
				06E79BC5A1CEE1F078A0F908 /* [CP] Check Pods Manifest.lock */,
				EEC773481F48132300B22C15 /* Sources */,
				EEC773491F48132300B22C15 /* Frameworks */,
				EEC7734A1F48132300B22C15 /* Resources */,
				2714DBA097E882B3B0794DC5 /* [CP] Embed Pods Frameworks */,
				112A959C69E24B0E7EB276B0 /* [CP] Copy Pods Resources */,
			);
			buildRules = (
			);
			dependencies = (
			);
			name = "Properti Anda";
			productName = "Properti Anda";
			productReference = EEC7734C1F48132300B22C15 /* Properti Anda.app */;
			productType = "com.apple.product-type.application";
		};
		EEC773621F48132300B22C15 /* Properti AndaTests */ = {
			isa = PBXNativeTarget;
			buildConfigurationList = EEC7737A1F48132300B22C15 /* Build configuration list for PBXNativeTarget "Properti AndaTests" */;
			buildPhases = (
				20804B6147AFF98C3D6FDB1B /* [CP] Check Pods Manifest.lock */,
				EEC7735F1F48132300B22C15 /* Sources */,
				EEC773601F48132300B22C15 /* Frameworks */,
				EEC773611F48132300B22C15 /* Resources */,
				760F674FE4C29487E3257A96 /* [CP] Embed Pods Frameworks */,
				4E9055577C61D5C11B329A66 /* [CP] Copy Pods Resources */,
			);
			buildRules = (
			);
			dependencies = (
				EEC773651F48132300B22C15 /* PBXTargetDependency */,
			);
			name = "Properti AndaTests";
			productName = "Properti AndaTests";
			productReference = EEC773631F48132300B22C15 /* Properti AndaTests.xctest */;
			productType = "com.apple.product-type.bundle.unit-test";
		};
		EEC7736D1F48132300B22C15 /* Properti AndaUITests */ = {
			isa = PBXNativeTarget;
			buildConfigurationList = EEC7737D1F48132300B22C15 /* Build configuration list for PBXNativeTarget "Properti AndaUITests" */;
			buildPhases = (
				AA63C7AB725546B99D86F43C /* [CP] Check Pods Manifest.lock */,
				EEC7736A1F48132300B22C15 /* Sources */,
				EEC7736B1F48132300B22C15 /* Frameworks */,
				EEC7736C1F48132300B22C15 /* Resources */,
				C500226ADF15A3EF6C8E7EFE /* [CP] Embed Pods Frameworks */,
				20B063B3B70DBC9494FF922C /* [CP] Copy Pods Resources */,
			);
			buildRules = (
			);
			dependencies = (
				EEC773701F48132300B22C15 /* PBXTargetDependency */,
			);
			name = "Properti AndaUITests";
			productName = "Properti AndaUITests";
			productReference = EEC7736E1F48132300B22C15 /* Properti AndaUITests.xctest */;
			productType = "com.apple.product-type.bundle.ui-testing";
		};
/* End PBXNativeTarget section */

/* Begin PBXProject section */
		EEC773441F48132300B22C15 /* Project object */ = {
			isa = PBXProject;
			attributes = {
				LastSwiftUpdateCheck = 0830;
				LastUpgradeCheck = 0830;
				ORGANIZATIONNAME = Kendrick;
				TargetAttributes = {
					EEC7734B1F48132300B22C15 = {
						CreatedOnToolsVersion = 8.3.3;
						DevelopmentTeam = 4G38HE4S34;
						ProvisioningStyle = Automatic;
					};
					EEC773621F48132300B22C15 = {
						CreatedOnToolsVersion = 8.3.3;
						DevelopmentTeam = 4G38HE4S34;
						ProvisioningStyle = Automatic;
						TestTargetID = EEC7734B1F48132300B22C15;
					};
					EEC7736D1F48132300B22C15 = {
						CreatedOnToolsVersion = 8.3.3;
						DevelopmentTeam = 4G38HE4S34;
						ProvisioningStyle = Automatic;
						TestTargetID = EEC7734B1F48132300B22C15;
					};
				};
			};
			buildConfigurationList = EEC773471F48132300B22C15 /* Build configuration list for PBXProject "Properti Anda" */;
			compatibilityVersion = "Xcode 3.2";
			developmentRegion = English;
			hasScannedForEncodings = 0;
			knownRegions = (
				en,
				Base,
			);
			mainGroup = EEC773431F48132300B22C15;
			productRefGroup = EEC7734D1F48132300B22C15 /* Products */;
			projectDirPath = "";
			projectRoot = "";
			targets = (
				EEC7734B1F48132300B22C15 /* Properti Anda */,
				EEC773621F48132300B22C15 /* Properti AndaTests */,
				EEC7736D1F48132300B22C15 /* Properti AndaUITests */,
			);
		};
/* End PBXProject section */

/* Begin PBXResourcesBuildPhase section */
		EEC7734A1F48132300B22C15 /* Resources */ = {
			isa = PBXResourcesBuildPhase;
			buildActionMask = 2147483647;
			files = (
				EEC7735D1F48132300B22C15 /* LaunchScreen.storyboard in Resources */,
				EEC7735A1F48132300B22C15 /* Assets.xcassets in Resources */,
				EEC773551F48132300B22C15 /* Main.storyboard in Resources */,
			);
			runOnlyForDeploymentPostprocessing = 0;
		};
		EEC773611F48132300B22C15 /* Resources */ = {
			isa = PBXResourcesBuildPhase;
			buildActionMask = 2147483647;
			files = (
			);
			runOnlyForDeploymentPostprocessing = 0;
		};
		EEC7736C1F48132300B22C15 /* Resources */ = {
			isa = PBXResourcesBuildPhase;
			buildActionMask = 2147483647;
			files = (
			);
			runOnlyForDeploymentPostprocessing = 0;
		};
/* End PBXResourcesBuildPhase section */

/* Begin PBXShellScriptBuildPhase section */
		06E79BC5A1CEE1F078A0F908 /* [CP] Check Pods Manifest.lock */ = {
			isa = PBXShellScriptBuildPhase;
			buildActionMask = 2147483647;
			files = (
			);
			inputPaths = (
				"${PODS_PODFILE_DIR_PATH}/Podfile.lock",
				"${PODS_ROOT}/Manifest.lock",
			);
			name = "[CP] Check Pods Manifest.lock";
			outputPaths = (
				"$(DERIVED_FILE_DIR)/Pods-Properti Anda-checkManifestLockResult.txt",
			);
			runOnlyForDeploymentPostprocessing = 0;
			shellPath = /bin/sh;
			shellScript = "diff \"${PODS_PODFILE_DIR_PATH}/Podfile.lock\" \"${PODS_ROOT}/Manifest.lock\" > /dev/null\nif [ $? != 0 ] ; then\n    # print error to STDERR\n    echo \"error: The sandbox is not in sync with the Podfile.lock. Run 'pod install' or update your CocoaPods installation.\" >&2\n    exit 1\nfi\n# This output is used by Xcode 'outputs' to avoid re-running this script phase.\necho \"SUCCESS\" > \"${SCRIPT_OUTPUT_FILE_0}\"\n";
			showEnvVarsInLog = 0;
		};
		112A959C69E24B0E7EB276B0 /* [CP] Copy Pods Resources */ = {
			isa = PBXShellScriptBuildPhase;
			buildActionMask = 2147483647;
			files = (
			);
			inputPaths = (
				"${SRCROOT}/Pods/Target Support Files/Pods-Properti Anda/Pods-Properti Anda-resources.sh",
				"${PODS_ROOT}/GoogleMaps/Maps/Frameworks/GoogleMaps.framework/Resources/GoogleMaps.bundle",
				"${PODS_ROOT}/GooglePlaces/Frameworks/GooglePlaces.framework/Resources/GooglePlaces.bundle",
			);
			name = "[CP] Copy Pods Resources";
			outputPaths = (
				"${TARGET_BUILD_DIR}/${UNLOCALIZED_RESOURCES_FOLDER_PATH}",
			);
			runOnlyForDeploymentPostprocessing = 0;
			shellPath = /bin/sh;
			shellScript = "\"${SRCROOT}/Pods/Target Support Files/Pods-Properti Anda/Pods-Properti Anda-resources.sh\"\n";
			showEnvVarsInLog = 0;
		};
		20804B6147AFF98C3D6FDB1B /* [CP] Check Pods Manifest.lock */ = {
			isa = PBXShellScriptBuildPhase;
			buildActionMask = 2147483647;
			files = (
			);
			inputPaths = (
				"${PODS_PODFILE_DIR_PATH}/Podfile.lock",
				"${PODS_ROOT}/Manifest.lock",
			);
			name = "[CP] Check Pods Manifest.lock";
			outputPaths = (
				"$(DERIVED_FILE_DIR)/Pods-Properti AndaTests-checkManifestLockResult.txt",
			);
			runOnlyForDeploymentPostprocessing = 0;
			shellPath = /bin/sh;
			shellScript = "diff \"${PODS_PODFILE_DIR_PATH}/Podfile.lock\" \"${PODS_ROOT}/Manifest.lock\" > /dev/null\nif [ $? != 0 ] ; then\n    # print error to STDERR\n    echo \"error: The sandbox is not in sync with the Podfile.lock. Run 'pod install' or update your CocoaPods installation.\" >&2\n    exit 1\nfi\n# This output is used by Xcode 'outputs' to avoid re-running this script phase.\necho \"SUCCESS\" > \"${SCRIPT_OUTPUT_FILE_0}\"\n";
			showEnvVarsInLog = 0;
		};
		20B063B3B70DBC9494FF922C /* [CP] Copy Pods Resources */ = {
			isa = PBXShellScriptBuildPhase;
			buildActionMask = 2147483647;
			files = (
			);
			inputPaths = (
			);
			name = "[CP] Copy Pods Resources";
			outputPaths = (
			);
			runOnlyForDeploymentPostprocessing = 0;
			shellPath = /bin/sh;
			shellScript = "\"${SRCROOT}/Pods/Target Support Files/Pods-Properti AndaUITests/Pods-Properti AndaUITests-resources.sh\"\n";
			showEnvVarsInLog = 0;
		};
		2714DBA097E882B3B0794DC5 /* [CP] Embed Pods Frameworks */ = {
			isa = PBXShellScriptBuildPhase;
			buildActionMask = 2147483647;
			files = (
			);
			inputPaths = (
				"${SRCROOT}/Pods/Target Support Files/Pods-Properti Anda/Pods-Properti Anda-frameworks.sh",
				"${BUILT_PRODUCTS_DIR}/Alamofire/Alamofire.framework",
				"${BUILT_PRODUCTS_DIR}/Material/Material.framework",
				"${BUILT_PRODUCTS_DIR}/SwiftSpinner/SwiftSpinner.framework",
				"${BUILT_PRODUCTS_DIR}/SwiftyJSON/SwiftyJSON.framework",
			);
			name = "[CP] Embed Pods Frameworks";
			outputPaths = (
				"${TARGET_BUILD_DIR}/${FRAMEWORKS_FOLDER_PATH}/Alamofire.framework",
				"${TARGET_BUILD_DIR}/${FRAMEWORKS_FOLDER_PATH}/Material.framework",
				"${TARGET_BUILD_DIR}/${FRAMEWORKS_FOLDER_PATH}/SwiftSpinner.framework",
				"${TARGET_BUILD_DIR}/${FRAMEWORKS_FOLDER_PATH}/SwiftyJSON.framework",
			);
			runOnlyForDeploymentPostprocessing = 0;
			shellPath = /bin/sh;
			shellScript = "\"${SRCROOT}/Pods/Target Support Files/Pods-Properti Anda/Pods-Properti Anda-frameworks.sh\"\n";
			showEnvVarsInLog = 0;
		};
		4E9055577C61D5C11B329A66 /* [CP] Copy Pods Resources */ = {
			isa = PBXShellScriptBuildPhase;
			buildActionMask = 2147483647;
			files = (
			);
			inputPaths = (
			);
			name = "[CP] Copy Pods Resources";
			outputPaths = (
			);
			runOnlyForDeploymentPostprocessing = 0;
			shellPath = /bin/sh;
			shellScript = "\"${SRCROOT}/Pods/Target Support Files/Pods-Properti AndaTests/Pods-Properti AndaTests-resources.sh\"\n";
			showEnvVarsInLog = 0;
		};
		760F674FE4C29487E3257A96 /* [CP] Embed Pods Frameworks */ = {
			isa = PBXShellScriptBuildPhase;
			buildActionMask = 2147483647;
			files = (
			);
			inputPaths = (
			);
			name = "[CP] Embed Pods Frameworks";
			outputPaths = (
			);
			runOnlyForDeploymentPostprocessing = 0;
			shellPath = /bin/sh;
			shellScript = "\"${SRCROOT}/Pods/Target Support Files/Pods-Properti AndaTests/Pods-Properti AndaTests-frameworks.sh\"\n";
			showEnvVarsInLog = 0;
		};
		AA63C7AB725546B99D86F43C /* [CP] Check Pods Manifest.lock */ = {
			isa = PBXShellScriptBuildPhase;
			buildActionMask = 2147483647;
			files = (
			);
			inputPaths = (
				"${PODS_PODFILE_DIR_PATH}/Podfile.lock",
				"${PODS_ROOT}/Manifest.lock",
			);
			name = "[CP] Check Pods Manifest.lock";
			outputPaths = (
				"$(DERIVED_FILE_DIR)/Pods-Properti AndaUITests-checkManifestLockResult.txt",
			);
			runOnlyForDeploymentPostprocessing = 0;
			shellPath = /bin/sh;
			shellScript = "diff \"${PODS_PODFILE_DIR_PATH}/Podfile.lock\" \"${PODS_ROOT}/Manifest.lock\" > /dev/null\nif [ $? != 0 ] ; then\n    # print error to STDERR\n    echo \"error: The sandbox is not in sync with the Podfile.lock. Run 'pod install' or update your CocoaPods installation.\" >&2\n    exit 1\nfi\n# This output is used by Xcode 'outputs' to avoid re-running this script phase.\necho \"SUCCESS\" > \"${SCRIPT_OUTPUT_FILE_0}\"\n";
			showEnvVarsInLog = 0;
		};
		C500226ADF15A3EF6C8E7EFE /* [CP] Embed Pods Frameworks */ = {
			isa = PBXShellScriptBuildPhase;
			buildActionMask = 2147483647;
			files = (
			);
			inputPaths = (
			);
			name = "[CP] Embed Pods Frameworks";
			outputPaths = (
			);
			runOnlyForDeploymentPostprocessing = 0;
			shellPath = /bin/sh;
			shellScript = "\"${SRCROOT}/Pods/Target Support Files/Pods-Properti AndaUITests/Pods-Properti AndaUITests-frameworks.sh\"\n";
			showEnvVarsInLog = 0;
		};
/* End PBXShellScriptBuildPhase section */

/* Begin PBXSourcesBuildPhase section */
		EEC773481F48132300B22C15 /* Sources */ = {
			isa = PBXSourcesBuildPhase;
			buildActionMask = 2147483647;
			files = (
				EEC773521F48132300B22C15 /* ViewController.swift in Sources */,
				EE9DCFE01F4836E2009CA7E2 /* IntroPageController.swift in Sources */,
				EEA7167E1F4A6AAC0035D829 /* SignUpController.swift in Sources */,
				EEE160D51F8340F5001BEE71 /* PARequest+Investment.swift in Sources */,
				EEA716861F4AD12D0035D829 /* AppNavigationDrawerController.swift in Sources */,
				EE27A2421F7A52160073BDD2 /* Investments.swift in Sources */,
				EE2F6ECD1F7A232500982D4D /* InvestListViewController.swift in Sources */,
				EEBE3C151F4C05820029BA0B /* Properties.swift in Sources */,
				EEBE3C121F4BFF4B0029BA0B /* PropertyDetailViewController.swift in Sources */,
				EEBE3C101F4BFC2A0029BA0B /* AppNavigationController.swift in Sources */,
				EEBE3C0E1F4BF7280029BA0B /* PropertySplitViewController.swift in Sources */,
				EEA716921F4BA3A50035D829 /* PreferencesViewController.swift in Sources */,
				EEBE3C0C1F4BF6C50029BA0B /* PropertyListViewController.swift in Sources */,
				EEBE3C1A1F4C18150029BA0B /* PropertyCell.swift in Sources */,
				EEC773501F48132300B22C15 /* AppDelegate.swift in Sources */,
				EE2F6ECB1F7A22F300982D4D /* InvestCell.swift in Sources */,
				EEA7168A1F4AD8620035D829 /* DrawerData.swift in Sources */,
				EEA716901F4B9FFA0035D829 /* AppToolbarController.swift in Sources */,
				EE2F6EC91F7A14C400982D4D /* InvestViewController.swift in Sources */,
				EE9DCFE21F483812009CA7E2 /* IntroViewController.swift in Sources */,
				EEE160DD1F8341E3001BEE71 /* PARequest+Register.swift in Sources */,
				EEA716801F4A71290035D829 /* LoginController.swift in Sources */,
				EEE160D71F834116001BEE71 /* PARequest+Property.swift in Sources */,
				EE51512E1F676DB9000EBD26 /* AppState+CoreDataClass.swift in Sources */,
				EEA716841F4AD0120035D829 /* DrawerViewController.swift in Sources */,
				EE51512B1F676B04000EBD26 /* AppState.swift in Sources */,
				EE51512F1F676DB9000EBD26 /* AppState+CoreDataProperties.swift in Sources */,
				EEE160C91F833A09001BEE71 /* PARequest.swift in Sources */,
				EEA7168C1F4AED2C0035D829 /* DrawerCell.swift in Sources */,
				EE9DCFD81F4820FE009CA7E2 /* RootViewController.swift in Sources */,
				EEC773581F48132300B22C15 /* Properti_Anda.xcdatamodeld in Sources */,
				EEE160DF1F83493C001BEE71 /* PARequest+Invest.swift in Sources */,
				EE2BD0321F5281CE000E7A16 /* PreferencesNavigationController.swift in Sources */,
				EEE160DB1F8341C4001BEE71 /* PARequest+Login.swift in Sources */,
			);
			runOnlyForDeploymentPostprocessing = 0;
		};
		EEC7735F1F48132300B22C15 /* Sources */ = {
			isa = PBXSourcesBuildPhase;
			buildActionMask = 2147483647;
			files = (
				EEC773681F48132300B22C15 /* Properti_AndaTests.swift in Sources */,
			);
			runOnlyForDeploymentPostprocessing = 0;
		};
		EEC7736A1F48132300B22C15 /* Sources */ = {
			isa = PBXSourcesBuildPhase;
			buildActionMask = 2147483647;
			files = (
				EEC773731F48132300B22C15 /* Properti_AndaUITests.swift in Sources */,
			);
			runOnlyForDeploymentPostprocessing = 0;
		};
/* End PBXSourcesBuildPhase section */

/* Begin PBXTargetDependency section */
		EEC773651F48132300B22C15 /* PBXTargetDependency */ = {
			isa = PBXTargetDependency;
			target = EEC7734B1F48132300B22C15 /* Properti Anda */;
			targetProxy = EEC773641F48132300B22C15 /* PBXContainerItemProxy */;
		};
		EEC773701F48132300B22C15 /* PBXTargetDependency */ = {
			isa = PBXTargetDependency;
			target = EEC7734B1F48132300B22C15 /* Properti Anda */;
			targetProxy = EEC7736F1F48132300B22C15 /* PBXContainerItemProxy */;
		};
/* End PBXTargetDependency section */

/* Begin PBXVariantGroup section */
		EEC773531F48132300B22C15 /* Main.storyboard */ = {
			isa = PBXVariantGroup;
			children = (
				EEC773541F48132300B22C15 /* Base */,
			);
			name = Main.storyboard;
			sourceTree = "<group>";
		};
		EEC7735B1F48132300B22C15 /* LaunchScreen.storyboard */ = {
			isa = PBXVariantGroup;
			children = (
				EEC7735C1F48132300B22C15 /* Base */,
			);
			name = LaunchScreen.storyboard;
			sourceTree = "<group>";
		};
/* End PBXVariantGroup section */

/* Begin XCBuildConfiguration section */
		EEC773751F48132300B22C15 /* Debug */ = {
			isa = XCBuildConfiguration;
			buildSettings = {
				ALWAYS_SEARCH_USER_PATHS = NO;
				CLANG_ANALYZER_NONNULL = YES;
				CLANG_ANALYZER_NUMBER_OBJECT_CONVERSION = YES_AGGRESSIVE;
				CLANG_CXX_LANGUAGE_STANDARD = "gnu++0x";
				CLANG_CXX_LIBRARY = "libc++";
				CLANG_ENABLE_MODULES = YES;
				CLANG_ENABLE_OBJC_ARC = YES;
				CLANG_WARN_BOOL_CONVERSION = YES;
				CLANG_WARN_CONSTANT_CONVERSION = YES;
				CLANG_WARN_DIRECT_OBJC_ISA_USAGE = YES_ERROR;
				CLANG_WARN_DOCUMENTATION_COMMENTS = YES;
				CLANG_WARN_EMPTY_BODY = YES;
				CLANG_WARN_ENUM_CONVERSION = YES;
				CLANG_WARN_INFINITE_RECURSION = YES;
				CLANG_WARN_INT_CONVERSION = YES;
				CLANG_WARN_OBJC_ROOT_CLASS = YES_ERROR;
				CLANG_WARN_SUSPICIOUS_MOVE = YES;
				CLANG_WARN_UNREACHABLE_CODE = YES;
				CLANG_WARN__DUPLICATE_METHOD_MATCH = YES;
				"CODE_SIGN_IDENTITY[sdk=iphoneos*]" = "iPhone Developer";
				COPY_PHASE_STRIP = NO;
				DEBUG_INFORMATION_FORMAT = dwarf;
				ENABLE_STRICT_OBJC_MSGSEND = YES;
				ENABLE_TESTABILITY = YES;
				GCC_C_LANGUAGE_STANDARD = gnu99;
				GCC_DYNAMIC_NO_PIC = NO;
				GCC_NO_COMMON_BLOCKS = YES;
				GCC_OPTIMIZATION_LEVEL = 0;
				GCC_PREPROCESSOR_DEFINITIONS = (
					"DEBUG=1",
					"$(inherited)",
				);
				GCC_WARN_64_TO_32_BIT_CONVERSION = YES;
				GCC_WARN_ABOUT_RETURN_TYPE = YES_ERROR;
				GCC_WARN_UNDECLARED_SELECTOR = YES;
				GCC_WARN_UNINITIALIZED_AUTOS = YES_AGGRESSIVE;
				GCC_WARN_UNUSED_FUNCTION = YES;
				GCC_WARN_UNUSED_VARIABLE = YES;
				IPHONEOS_DEPLOYMENT_TARGET = 10.3;
				MTL_ENABLE_DEBUG_INFO = YES;
				ONLY_ACTIVE_ARCH = YES;
				SDKROOT = iphoneos;
				SWIFT_ACTIVE_COMPILATION_CONDITIONS = DEBUG;
				SWIFT_OPTIMIZATION_LEVEL = "-Onone";
				TARGETED_DEVICE_FAMILY = "1,2";
			};
			name = Debug;
		};
		EEC773761F48132300B22C15 /* Release */ = {
			isa = XCBuildConfiguration;
			buildSettings = {
				ALWAYS_SEARCH_USER_PATHS = NO;
				CLANG_ANALYZER_NONNULL = YES;
				CLANG_ANALYZER_NUMBER_OBJECT_CONVERSION = YES_AGGRESSIVE;
				CLANG_CXX_LANGUAGE_STANDARD = "gnu++0x";
				CLANG_CXX_LIBRARY = "libc++";
				CLANG_ENABLE_MODULES = YES;
				CLANG_ENABLE_OBJC_ARC = YES;
				CLANG_WARN_BOOL_CONVERSION = YES;
				CLANG_WARN_CONSTANT_CONVERSION = YES;
				CLANG_WARN_DIRECT_OBJC_ISA_USAGE = YES_ERROR;
				CLANG_WARN_DOCUMENTATION_COMMENTS = YES;
				CLANG_WARN_EMPTY_BODY = YES;
				CLANG_WARN_ENUM_CONVERSION = YES;
				CLANG_WARN_INFINITE_RECURSION = YES;
				CLANG_WARN_INT_CONVERSION = YES;
				CLANG_WARN_OBJC_ROOT_CLASS = YES_ERROR;
				CLANG_WARN_SUSPICIOUS_MOVE = YES;
				CLANG_WARN_UNREACHABLE_CODE = YES;
				CLANG_WARN__DUPLICATE_METHOD_MATCH = YES;
				"CODE_SIGN_IDENTITY[sdk=iphoneos*]" = "iPhone Developer";
				COPY_PHASE_STRIP = NO;
				DEBUG_INFORMATION_FORMAT = "dwarf-with-dsym";
				ENABLE_NS_ASSERTIONS = NO;
				ENABLE_STRICT_OBJC_MSGSEND = YES;
				GCC_C_LANGUAGE_STANDARD = gnu99;
				GCC_NO_COMMON_BLOCKS = YES;
				GCC_WARN_64_TO_32_BIT_CONVERSION = YES;
				GCC_WARN_ABOUT_RETURN_TYPE = YES_ERROR;
				GCC_WARN_UNDECLARED_SELECTOR = YES;
				GCC_WARN_UNINITIALIZED_AUTOS = YES_AGGRESSIVE;
				GCC_WARN_UNUSED_FUNCTION = YES;
				GCC_WARN_UNUSED_VARIABLE = YES;
				IPHONEOS_DEPLOYMENT_TARGET = 10.3;
				MTL_ENABLE_DEBUG_INFO = NO;
				SDKROOT = iphoneos;
				SWIFT_OPTIMIZATION_LEVEL = "-Owholemodule";
				TARGETED_DEVICE_FAMILY = "1,2";
				VALIDATE_PRODUCT = YES;
			};
			name = Release;
		};
		EEC773781F48132300B22C15 /* Debug */ = {
			isa = XCBuildConfiguration;
			baseConfigurationReference = 215942C0AE6E46AEEA25CD2F /* Pods-Properti Anda.debug.xcconfig */;
			buildSettings = {
				ASSETCATALOG_COMPILER_APPICON_NAME = AppIcon;
				DEVELOPMENT_TEAM = 4G38HE4S34;
				FRAMEWORK_SEARCH_PATHS = "$(inherited)/**";
				INFOPLIST_FILE = "Properti Anda/Info.plist";
				LD_RUNPATH_SEARCH_PATHS = "$(inherited) @executable_path/Frameworks";
				LIBRARY_SEARCH_PATHS = "";
				PRODUCT_BUNDLE_IDENTIFIER = "com.kesley.Properti-Anda";
				PRODUCT_NAME = "$(TARGET_NAME)";
				SWIFT_VERSION = 3.0;
			};
			name = Debug;
		};
		EEC773791F48132300B22C15 /* Release */ = {
			isa = XCBuildConfiguration;
			baseConfigurationReference = C539C217F91325A2C2A4B404 /* Pods-Properti Anda.release.xcconfig */;
			buildSettings = {
				ASSETCATALOG_COMPILER_APPICON_NAME = AppIcon;
				DEVELOPMENT_TEAM = 4G38HE4S34;
				FRAMEWORK_SEARCH_PATHS = "$(inherited)/**";
				INFOPLIST_FILE = "Properti Anda/Info.plist";
				LD_RUNPATH_SEARCH_PATHS = "$(inherited) @executable_path/Frameworks";
				PRODUCT_BUNDLE_IDENTIFIER = "com.kesley.Properti-Anda";
				PRODUCT_NAME = "$(TARGET_NAME)";
				SWIFT_VERSION = 3.0;
			};
			name = Release;
		};
		EEC7737B1F48132300B22C15 /* Debug */ = {
			isa = XCBuildConfiguration;
			baseConfigurationReference = 5A77A5E256A7F1193429AA2C /* Pods-Properti AndaTests.debug.xcconfig */;
			buildSettings = {
				ALWAYS_EMBED_SWIFT_STANDARD_LIBRARIES = YES;
				BUNDLE_LOADER = "$(TEST_HOST)";
				DEVELOPMENT_TEAM = 4G38HE4S34;
				INFOPLIST_FILE = "Properti AndaTests/Info.plist";
				LD_RUNPATH_SEARCH_PATHS = "$(inherited) @executable_path/Frameworks @loader_path/Frameworks";
				PRODUCT_BUNDLE_IDENTIFIER = "com.kesley.Properti-AndaTests";
				PRODUCT_NAME = "$(TARGET_NAME)";
				SWIFT_VERSION = 3.0;
				TEST_HOST = "$(BUILT_PRODUCTS_DIR)/Properti Anda.app/Properti Anda";
			};
			name = Debug;
		};
		EEC7737C1F48132300B22C15 /* Release */ = {
			isa = XCBuildConfiguration;
			baseConfigurationReference = AA035F143C0865DF53C9E7F5 /* Pods-Properti AndaTests.release.xcconfig */;
			buildSettings = {
				ALWAYS_EMBED_SWIFT_STANDARD_LIBRARIES = YES;
				BUNDLE_LOADER = "$(TEST_HOST)";
				DEVELOPMENT_TEAM = 4G38HE4S34;
				INFOPLIST_FILE = "Properti AndaTests/Info.plist";
				LD_RUNPATH_SEARCH_PATHS = "$(inherited) @executable_path/Frameworks @loader_path/Frameworks";
				PRODUCT_BUNDLE_IDENTIFIER = "com.kesley.Properti-AndaTests";
				PRODUCT_NAME = "$(TARGET_NAME)";
				SWIFT_VERSION = 3.0;
				TEST_HOST = "$(BUILT_PRODUCTS_DIR)/Properti Anda.app/Properti Anda";
			};
			name = Release;
		};
		EEC7737E1F48132300B22C15 /* Debug */ = {
			isa = XCBuildConfiguration;
			baseConfigurationReference = F07E515077FB8EBAA0F42AC7 /* Pods-Properti AndaUITests.debug.xcconfig */;
			buildSettings = {
				ALWAYS_EMBED_SWIFT_STANDARD_LIBRARIES = YES;
				DEVELOPMENT_TEAM = 4G38HE4S34;
				INFOPLIST_FILE = "Properti AndaUITests/Info.plist";
				LD_RUNPATH_SEARCH_PATHS = "$(inherited) @executable_path/Frameworks @loader_path/Frameworks";
				PRODUCT_BUNDLE_IDENTIFIER = "com.kesley.Properti-AndaUITests";
				PRODUCT_NAME = "$(TARGET_NAME)";
				SWIFT_VERSION = 3.0;
				TEST_TARGET_NAME = "Properti Anda";
			};
			name = Debug;
		};
		EEC7737F1F48132300B22C15 /* Release */ = {
			isa = XCBuildConfiguration;
			baseConfigurationReference = 0E9DB355E9D55074A00DB1FF /* Pods-Properti AndaUITests.release.xcconfig */;
			buildSettings = {
				ALWAYS_EMBED_SWIFT_STANDARD_LIBRARIES = YES;
				DEVELOPMENT_TEAM = 4G38HE4S34;
				INFOPLIST_FILE = "Properti AndaUITests/Info.plist";
				LD_RUNPATH_SEARCH_PATHS = "$(inherited) @executable_path/Frameworks @loader_path/Frameworks";
				PRODUCT_BUNDLE_IDENTIFIER = "com.kesley.Properti-AndaUITests";
				PRODUCT_NAME = "$(TARGET_NAME)";
				SWIFT_VERSION = 3.0;
				TEST_TARGET_NAME = "Properti Anda";
			};
			name = Release;
		};
/* End XCBuildConfiguration section */

/* Begin XCConfigurationList section */
		EEC773471F48132300B22C15 /* Build configuration list for PBXProject "Properti Anda" */ = {
			isa = XCConfigurationList;
			buildConfigurations = (
				EEC773751F48132300B22C15 /* Debug */,
				EEC773761F48132300B22C15 /* Release */,
			);
			defaultConfigurationIsVisible = 0;
			defaultConfigurationName = Release;
		};
		EEC773771F48132300B22C15 /* Build configuration list for PBXNativeTarget "Properti Anda" */ = {
			isa = XCConfigurationList;
			buildConfigurations = (
				EEC773781F48132300B22C15 /* Debug */,
				EEC773791F48132300B22C15 /* Release */,
			);
			defaultConfigurationIsVisible = 0;
			defaultConfigurationName = Release;
		};
		EEC7737A1F48132300B22C15 /* Build configuration list for PBXNativeTarget "Properti AndaTests" */ = {
			isa = XCConfigurationList;
			buildConfigurations = (
				EEC7737B1F48132300B22C15 /* Debug */,
				EEC7737C1F48132300B22C15 /* Release */,
			);
			defaultConfigurationIsVisible = 0;
			defaultConfigurationName = Release;
		};
		EEC7737D1F48132300B22C15 /* Build configuration list for PBXNativeTarget "Properti AndaUITests" */ = {
			isa = XCConfigurationList;
			buildConfigurations = (
				EEC7737E1F48132300B22C15 /* Debug */,
				EEC7737F1F48132300B22C15 /* Release */,
			);
			defaultConfigurationIsVisible = 0;
			defaultConfigurationName = Release;
		};
/* End XCConfigurationList section */

/* Begin XCVersionGroup section */
		EEC773561F48132300B22C15 /* Properti_Anda.xcdatamodeld */ = {
			isa = XCVersionGroup;
			children = (
				EEC773571F48132300B22C15 /* Properti_Anda.xcdatamodel */,
			);
			currentVersion = EEC773571F48132300B22C15 /* Properti_Anda.xcdatamodel */;
			path = Properti_Anda.xcdatamodeld;
			sourceTree = "<group>";
			versionGroupType = wrapper.xcdatamodel;
		};
/* End XCVersionGroup section */
	};
	rootObject = EEC773441F48132300B22C15 /* Project object */;
}
